# THIS IS AN AUTOGENERATED FILE. DO NOT EDIT THIS FILE DIRECTLY.
# yarn lockfile v1


"@mapbox/geo-viewport@^0.4.0":
  version "0.4.0"
  resolved "https://registry.yarnpkg.com/@mapbox/geo-viewport/-/geo-viewport-0.4.0.tgz#0a8dc5812d3be12c778d6545b2f3f4dec9c633da"
  integrity sha512-5OAXoP8C96Co3UDIzFliSzrK5njb9oG2H/RTMaZUW1swxIZlj3n3A5ccep5XAEIhTWxBLg/Cz48D3rUbAdXwHQ==
  dependencies:
    "@mapbox/sphericalmercator" "~1.1.0"

"@mapbox/sphericalmercator@~1.1.0":
  version "1.1.0"
  resolved "https://registry.yarnpkg.com/@mapbox/sphericalmercator/-/sphericalmercator-1.1.0.tgz#f3b1af042620716a1289fc41e1e97f610823aefe"
  integrity sha512-pEsfZyG4OMThlfFQbCte4gegvHUjxXCjz0KZ4Xk8NdOYTQBLflj6U8PL05RPAiuRAMAQNUUKJuL6qYZ5Y4kAWA==

kdbush@^3.0.0:
  version "3.0.0"
  resolved "https://registry.yarnpkg.com/kdbush/-/kdbush-3.0.0.tgz#f8484794d47004cc2d85ed3a79353dbe0abc2bf0"
  integrity sha512-hRkd6/XW4HTsA9vjVpY9tuXJYLSlelnkTmVFu4M9/7MIYQtFcHpbugAU7UbOfjOiVSVYl2fqgBuJ32JUmRo5Ew==

supercluster@^6.0.2:
  version "6.0.2"
  resolved "https://registry.yarnpkg.com/supercluster/-/supercluster-6.0.2.tgz#aa2eaae185ef97872f388c683ec29f6991721ee3"
  integrity sha512-aa0v2HURjBTOpbcknilcfxGDuArM8khklKSmZ/T8ZXL0BuRwb5aRw95lz+2bmWpFvCXDX/+FzqHxmg0TIaJErw==
  dependencies:
    kdbush "^3.0.0"
